
Microsoft Visual Studio Solution File, Format Version 11.00
# Visual Studio 2010
Project("{FAE04EC0-301F-11D3-BF4B-00C04F79EFBC}") = "Unity.XR.Interaction.Toolkit.Samples.StarterAssets", "Unity.XR.Interaction.Toolkit.Samples.StarterAssets.csproj", "{e3220ea4-a368-1b89-bc9e-00b7bd6656ad}"
EndProject
Project("{FAE04EC0-301F-11D3-BF4B-00C04F79EFBC}") = "Assembly-CSharp", "Assembly-CSharp.csproj", "{5e36aff2-20bb-ae4e-9f37-67c077d6ce25}"
EndProject
Project("{FAE04EC0-301F-11D3-BF4B-00C04F79EFBC}") = "Unity.XR.Interaction.Toolkit.Samples.DeviceSimulator", "Unity.XR.Interaction.Toolkit.Samples.DeviceSimulator.csproj", "{e2785e85-e080-dd4c-bb7d-ff19e152bb62}"
EndProject
Project("{FAE04EC0-301F-11D3-BF4B-00C04F79EFBC}") = "Assembly-CSharp-Editor", "Assembly-CSharp-Editor.csproj", "{78b41d06-4573-aa22-7214-cb2605dc694c}"
EndProject
Project("{FAE04EC0-301F-11D3-BF4B-00C04F79EFBC}") = "Unity.XR.Interaction.Toolkit.Samples.StarterAssets.Editor", "Unity.XR.Interaction.Toolkit.Samples.StarterAssets.Editor.csproj", "{0e86fd90-462d-eb77-425c-9cab3115dd7d}"
EndProject
Global
	GlobalSection(SolutionConfigurationPlatforms) = preSolution
		Debug|Any CPU = Debug|Any CPU
	EndGlobalSection
	GlobalSection(ProjectConfigurationPlatforms) = postSolution
		{e3220ea4-a368-1b89-bc9e-00b7bd6656ad}.Debug|Any CPU.ActiveCfg = Debug|Any CPU
		{e3220ea4-a368-1b89-bc9e-00b7bd6656ad}.Debug|Any CPU.Build.0 = Debug|Any CPU
		{5e36aff2-20bb-ae4e-9f37-67c077d6ce25}.Debug|Any CPU.ActiveCfg = Debug|Any CPU
		{5e36aff2-20bb-ae4e-9f37-67c077d6ce25}.Debug|Any CPU.Build.0 = Debug|Any CPU
		{e2785e85-e080-dd4c-bb7d-ff19e152bb62}.Debug|Any CPU.ActiveCfg = Debug|Any CPU
		{e2785e85-e080-dd4c-bb7d-ff19e152bb62}.Debug|Any CPU.Build.0 = Debug|Any CPU
		{78b41d06-4573-aa22-7214-cb2605dc694c}.Debug|Any CPU.ActiveCfg = Debug|Any CPU
		{78b41d06-4573-aa22-7214-cb2605dc694c}.Debug|Any CPU.Build.0 = Debug|Any CPU
		{0e86fd90-462d-eb77-425c-9cab3115dd7d}.Debug|Any CPU.ActiveCfg = Debug|Any CPU
		{0e86fd90-462d-eb77-425c-9cab3115dd7d}.Debug|Any CPU.Build.0 = Debug|Any CPU
	EndGlobalSection
	GlobalSection(SolutionProperties) = preSolution
		HideSolutionNode = FALSE
	EndGlobalSection
EndGlobal
