
Microsoft Visual Studio Solution File, Format Version 11.00
# Visual Studio 2010
Project("{FAE04EC0-301F-11D3-BF4B-00C04F79EFBC}") = "Unity.XR.Interaction.Toolkit.Samples.StarterAssets", "Unity.XR.Interaction.Toolkit.Samples.StarterAssets.csproj", "{f87580e8-0021-4046-c875-5b01af2ad5db}"
EndProject
Project("{FAE04EC0-301F-11D3-BF4B-00C04F79EFBC}") = "Assembly-CSharp", "Assembly-CSharp.csproj", "{e5612236-5283-f7d8-50d7-a53673b4f4a1}"
EndProject
Project("{FAE04EC0-301F-11D3-BF4B-00C04F79EFBC}") = "Unity.XR.Interaction.Toolkit.Samples.DeviceSimulator", "Unity.XR.Interaction.Toolkit.Samples.DeviceSimulator.csproj", "{337b6c59-906d-b1dc-60c3-ca7dea100a03}"
EndProject
Project("{FAE04EC0-301F-11D3-BF4B-00C04F79EFBC}") = "Assembly-CSharp-Editor", "Assembly-CSharp-Editor.csproj", "{52bdc308-7846-d378-d2ef-9b3ce43ee15e}"
EndProject
Project("{FAE04EC0-301F-11D3-BF4B-00C04F79EFBC}") = "Unity.XR.Interaction.Toolkit.Samples.StarterAssets.Editor", "Unity.XR.Interaction.Toolkit.Samples.StarterAssets.Editor.csproj", "{de43572d-ae9b-bf13-92ee-9587e2da2478}"
EndProject
Global
	GlobalSection(SolutionConfigurationPlatforms) = preSolution
		Debug|Any CPU = Debug|Any CPU
	EndGlobalSection
	GlobalSection(ProjectConfigurationPlatforms) = postSolution
		{f87580e8-0021-4046-c875-5b01af2ad5db}.Debug|Any CPU.ActiveCfg = Debug|Any CPU
		{f87580e8-0021-4046-c875-5b01af2ad5db}.Debug|Any CPU.Build.0 = Debug|Any CPU
		{e5612236-5283-f7d8-50d7-a53673b4f4a1}.Debug|Any CPU.ActiveCfg = Debug|Any CPU
		{e5612236-5283-f7d8-50d7-a53673b4f4a1}.Debug|Any CPU.Build.0 = Debug|Any CPU
		{337b6c59-906d-b1dc-60c3-ca7dea100a03}.Debug|Any CPU.ActiveCfg = Debug|Any CPU
		{337b6c59-906d-b1dc-60c3-ca7dea100a03}.Debug|Any CPU.Build.0 = Debug|Any CPU
		{52bdc308-7846-d378-d2ef-9b3ce43ee15e}.Debug|Any CPU.ActiveCfg = Debug|Any CPU
		{52bdc308-7846-d378-d2ef-9b3ce43ee15e}.Debug|Any CPU.Build.0 = Debug|Any CPU
		{de43572d-ae9b-bf13-92ee-9587e2da2478}.Debug|Any CPU.ActiveCfg = Debug|Any CPU
		{de43572d-ae9b-bf13-92ee-9587e2da2478}.Debug|Any CPU.Build.0 = Debug|Any CPU
	EndGlobalSection
	GlobalSection(SolutionProperties) = preSolution
		HideSolutionNode = FALSE
	EndGlobalSection
EndGlobal
